
Microsoft Visual Studio Solution File, Format Version 12.00
# Visual Studio 2012
Project("{FAE04EC0-301F-11D3-BF4B-00C04F79EFBC}") = "ThreadSynchroTests", "ThreadSynchroTests\ThreadSynchroTests.csproj", "{4125E88D-3AB8-4E8C-B37E-CAB2DDDEBAE0}"
EndProject
Global
	GlobalSection(SolutionConfigurationPlatforms) = preSolution
		Debug|Any CPU = Debug|Any CPU
		Release|Any CPU = Release|Any CPU
	EndGlobalSection
	GlobalSection(ProjectConfigurationPlatforms) = postSolution
		{4125E88D-3AB8-4E8C-B37E-CAB2DDDEBAE0}.Debug|Any CPU.ActiveCfg = Debug|Any CPU
		{4125E88D-3AB8-4E8C-B37E-CAB2DDDEBAE0}.Debug|Any CPU.Build.0 = Debug|Any CPU
		{4125E88D-3AB8-4E8C-B37E-CAB2DDDEBAE0}.Release|Any CPU.ActiveCfg = Release|Any CPU
		{4125E88D-3AB8-4E8C-B37E-CAB2DDDEBAE0}.Release|Any CPU.Build.0 = Release|Any CPU
	EndGlobalSection
	GlobalSection(SolutionProperties) = preSolution
		HideSolutionNode = FALSE
	EndGlobalSection
EndGlobal
